
Microsoft Visual Studio Solution File, Format Version 12.00
# Visual Studio Version 17
VisualStudioVersion = 17.3.32825.248
MinimumVisualStudioVersion = 10.0.40219.1
Project("{FAE04EC0-301F-11D3-BF4B-00C04F79EFBC}") = "RainScript", "RainScript\RainScript.csproj", "{16709272-B08B-4975-B5C3-310166424A4E}"
EndProject
Project("{FAE04EC0-301F-11D3-BF4B-00C04F79EFBC}") = "Test", "Test\Test.csproj", "{9544A881-DFD1-48D8-A2F1-16E6D7600E06}"
EndProject
Project("{2150E333-8FDC-42A3-9474-1A3956D46DE8}") = "解决方案项", "解决方案项", "{1A2D5C52-B9B8-46FD-9925-45632CD46674}"
	ProjectSection(SolutionItems) = preProject
		.gitignore = .gitignore
		readme.md = readme.md
	EndProjectSection
EndProject
Project("{FAE04EC0-301F-11D3-BF4B-00C04F79EFBC}") = "RainScriptDebugger", "RainScriptDebugger\RainScriptDebugger.csproj", "{1EEED656-98F1-4E15-85CD-4D8714281F44}"
EndProject
Global
	GlobalSection(SolutionConfigurationPlatforms) = preSolution
		Debug|Any CPU = Debug|Any CPU
		DebugFixed|Any CPU = DebugFixed|Any CPU
		Fixed|Any CPU = Fixed|Any CPU
		Release|Any CPU = Release|Any CPU
	EndGlobalSection
	GlobalSection(ProjectConfigurationPlatforms) = postSolution
		{16709272-B08B-4975-B5C3-310166424A4E}.Debug|Any CPU.ActiveCfg = Debug|Any CPU
		{16709272-B08B-4975-B5C3-310166424A4E}.Debug|Any CPU.Build.0 = Debug|Any CPU
		{16709272-B08B-4975-B5C3-310166424A4E}.DebugFixed|Any CPU.ActiveCfg = DebugFixed|Any CPU
		{16709272-B08B-4975-B5C3-310166424A4E}.DebugFixed|Any CPU.Build.0 = DebugFixed|Any CPU
		{16709272-B08B-4975-B5C3-310166424A4E}.Fixed|Any CPU.ActiveCfg = Fixed|Any CPU
		{16709272-B08B-4975-B5C3-310166424A4E}.Fixed|Any CPU.Build.0 = Fixed|Any CPU
		{16709272-B08B-4975-B5C3-310166424A4E}.Release|Any CPU.ActiveCfg = Release|Any CPU
		{16709272-B08B-4975-B5C3-310166424A4E}.Release|Any CPU.Build.0 = Release|Any CPU
		{9544A881-DFD1-48D8-A2F1-16E6D7600E06}.Debug|Any CPU.ActiveCfg = Debug|Any CPU
		{9544A881-DFD1-48D8-A2F1-16E6D7600E06}.Debug|Any CPU.Build.0 = Debug|Any CPU
		{9544A881-DFD1-48D8-A2F1-16E6D7600E06}.DebugFixed|Any CPU.ActiveCfg = DebugFixed|Any CPU
		{9544A881-DFD1-48D8-A2F1-16E6D7600E06}.DebugFixed|Any CPU.Build.0 = DebugFixed|Any CPU
		{9544A881-DFD1-48D8-A2F1-16E6D7600E06}.Fixed|Any CPU.ActiveCfg = Debug|Any CPU
		{9544A881-DFD1-48D8-A2F1-16E6D7600E06}.Fixed|Any CPU.Build.0 = Debug|Any CPU
		{9544A881-DFD1-48D8-A2F1-16E6D7600E06}.Release|Any CPU.ActiveCfg = Release|Any CPU
		{9544A881-DFD1-48D8-A2F1-16E6D7600E06}.Release|Any CPU.Build.0 = Release|Any CPU
		{1EEED656-98F1-4E15-85CD-4D8714281F44}.Debug|Any CPU.ActiveCfg = Debug|Any CPU
		{1EEED656-98F1-4E15-85CD-4D8714281F44}.Debug|Any CPU.Build.0 = Debug|Any CPU
		{1EEED656-98F1-4E15-85CD-4D8714281F44}.DebugFixed|Any CPU.ActiveCfg = DebugFixed|Any CPU
		{1EEED656-98F1-4E15-85CD-4D8714281F44}.DebugFixed|Any CPU.Build.0 = DebugFixed|Any CPU
		{1EEED656-98F1-4E15-85CD-4D8714281F44}.Fixed|Any CPU.ActiveCfg = Debug|Any CPU
		{1EEED656-98F1-4E15-85CD-4D8714281F44}.Fixed|Any CPU.Build.0 = Debug|Any CPU
		{1EEED656-98F1-4E15-85CD-4D8714281F44}.Release|Any CPU.ActiveCfg = Release|Any CPU
		{1EEED656-98F1-4E15-85CD-4D8714281F44}.Release|Any CPU.Build.0 = Release|Any CPU
	EndGlobalSection
	GlobalSection(SolutionProperties) = preSolution
		HideSolutionNode = FALSE
	EndGlobalSection
	GlobalSection(ExtensibilityGlobals) = postSolution
		SolutionGuid = {4850C358-44D1-4FEF-9F08-2431E48F0056}
	EndGlobalSection
EndGlobal
